
Microsoft Visual Studio Solution File, Format Version 12.00
# Visual Studio 15
VisualStudioVersion = 15.0.27004.2009
MinimumVisualStudioVersion = 10.0.40219.1
Project("{2150E333-8FDC-42A3-9474-1A3956D46DE8}") = "Web", "Web", "{62810BA4-DBF8-4418-A3E5-141A44A0F841}"
EndProject
Project("{2150E333-8FDC-42A3-9474-1A3956D46DE8}") = "Apps", "Apps", "{4CA08A1F-4735-48B4-B4A8-A46F62ACDF6E}"
EndProject
Project("{2150E333-8FDC-42A3-9474-1A3956D46DE8}") = "Library", "Library", "{B3CA12B4-33BD-42F3-A233-D887340F575D}"
EndProject
Project("{FAE04EC0-301F-11D3-BF4B-00C04F79EFBC}") = "WebApplication", "WebApplication\WebApplication.csproj", "{0027F8B6-0954-49FC-8F2F-411959904AF0}"
EndProject
Project("{FAE04EC0-301F-11D3-BF4B-00C04F79EFBC}") = "WebApplication.Tests", "WebApplication.Tests\WebApplication.Tests.csproj", "{37B7FE26-AA6B-4ABA-894A-9B0D20DFDD60}"
EndProject
Project("{2150E333-8FDC-42A3-9474-1A3956D46DE8}") = "AAA", "AAA", "{1B9EBFBB-1DB8-42C7-9B84-7009540352F9}"
EndProject
Project("{2150E333-8FDC-42A3-9474-1A3956D46DE8}") = "DFP", "DFP", "{5BED73DF-0291-4B11-AF7F-025CAD9954E9}"
EndProject
Project("{FAE04EC0-301F-11D3-BF4B-00C04F79EFBC}") = "AAA.Android", "AAA\AAA.Android\AAA.Android.csproj", "{E2538415-3286-439A-9778-634B44346A2F}"
EndProject
Project("{FAE04EC0-301F-11D3-BF4B-00C04F79EFBC}") = "AAA", "AAA\AAA\AAA.csproj", "{DA9E318B-9C3A-49CD-8210-E0556C667B0D}"
EndProject
Project("{FAE04EC0-301F-11D3-BF4B-00C04F79EFBC}") = "DPF.Android", "DPF\DPF.Android\DPF.Android.csproj", "{49EF7DA5-7043-418A-B75D-9573E62C685F}"
EndProject
Project("{FAE04EC0-301F-11D3-BF4B-00C04F79EFBC}") = "DPF", "DPF\DPF\DPF.csproj", "{FCCB2857-2642-4B23-A986-F3C148E47663}"
EndProject
Project("{FAE04EC0-301F-11D3-BF4B-00C04F79EFBC}") = "IDPFLibrary", "IDPFLibrary\IDPFLibrary.csproj", "{5CAEA247-6AFD-4708-9999-8465EF59527E}"
EndProject
Global
	GlobalSection(SolutionConfigurationPlatforms) = preSolution
		Ad-Hoc|Any CPU = Ad-Hoc|Any CPU
		Ad-Hoc|ARM = Ad-Hoc|ARM
		Ad-Hoc|iPhone = Ad-Hoc|iPhone
		Ad-Hoc|iPhoneSimulator = Ad-Hoc|iPhoneSimulator
		Ad-Hoc|x64 = Ad-Hoc|x64
		Ad-Hoc|x86 = Ad-Hoc|x86
		AppStore|Any CPU = AppStore|Any CPU
		AppStore|ARM = AppStore|ARM
		AppStore|iPhone = AppStore|iPhone
		AppStore|iPhoneSimulator = AppStore|iPhoneSimulator
		AppStore|x64 = AppStore|x64
		AppStore|x86 = AppStore|x86
		Debug|Any CPU = Debug|Any CPU
		Debug|ARM = Debug|ARM
		Debug|iPhone = Debug|iPhone
		Debug|iPhoneSimulator = Debug|iPhoneSimulator
		Debug|x64 = Debug|x64
		Debug|x86 = Debug|x86
		Release|Any CPU = Release|Any CPU
		Release|ARM = Release|ARM
		Release|iPhone = Release|iPhone
		Release|iPhoneSimulator = Release|iPhoneSimulator
		Release|x64 = Release|x64
		Release|x86 = Release|x86
	EndGlobalSection
	GlobalSection(ProjectConfigurationPlatforms) = postSolution
		{0027F8B6-0954-49FC-8F2F-411959904AF0}.Ad-Hoc|Any CPU.ActiveCfg = Release|Any CPU
		{0027F8B6-0954-49FC-8F2F-411959904AF0}.Ad-Hoc|Any CPU.Build.0 = Release|Any CPU
		{0027F8B6-0954-49FC-8F2F-411959904AF0}.Ad-Hoc|ARM.ActiveCfg = Release|Any CPU
		{0027F8B6-0954-49FC-8F2F-411959904AF0}.Ad-Hoc|ARM.Build.0 = Release|Any CPU
		{0027F8B6-0954-49FC-8F2F-411959904AF0}.Ad-Hoc|iPhone.ActiveCfg = Release|Any CPU
		{0027F8B6-0954-49FC-8F2F-411959904AF0}.Ad-Hoc|iPhone.Build.0 = Release|Any CPU
		{0027F8B6-0954-49FC-8F2F-411959904AF0}.Ad-Hoc|iPhoneSimulator.ActiveCfg = Release|Any CPU
		{0027F8B6-0954-49FC-8F2F-411959904AF0}.Ad-Hoc|iPhoneSimulator.Build.0 = Release|Any CPU
		{0027F8B6-0954-49FC-8F2F-411959904AF0}.Ad-Hoc|x64.ActiveCfg = Release|Any CPU
		{0027F8B6-0954-49FC-8F2F-411959904AF0}.Ad-Hoc|x64.Build.0 = Release|Any CPU
		{0027F8B6-0954-49FC-8F2F-411959904AF0}.Ad-Hoc|x86.ActiveCfg = Release|Any CPU
		{0027F8B6-0954-49FC-8F2F-411959904AF0}.Ad-Hoc|x86.Build.0 = Release|Any CPU
		{0027F8B6-0954-49FC-8F2F-411959904AF0}.AppStore|Any CPU.ActiveCfg = Release|Any CPU
		{0027F8B6-0954-49FC-8F2F-411959904AF0}.AppStore|Any CPU.Build.0 = Release|Any CPU
		{0027F8B6-0954-49FC-8F2F-411959904AF0}.AppStore|ARM.ActiveCfg = Release|Any CPU
		{0027F8B6-0954-49FC-8F2F-411959904AF0}.AppStore|ARM.Build.0 = Release|Any CPU
		{0027F8B6-0954-49FC-8F2F-411959904AF0}.AppStore|iPhone.ActiveCfg = Release|Any CPU
		{0027F8B6-0954-49FC-8F2F-411959904AF0}.AppStore|iPhone.Build.0 = Release|Any CPU
		{0027F8B6-0954-49FC-8F2F-411959904AF0}.AppStore|iPhoneSimulator.ActiveCfg = Release|Any CPU
		{0027F8B6-0954-49FC-8F2F-411959904AF0}.AppStore|iPhoneSimulator.Build.0 = Release|Any CPU
		{0027F8B6-0954-49FC-8F2F-411959904AF0}.AppStore|x64.ActiveCfg = Release|Any CPU
		{0027F8B6-0954-49FC-8F2F-411959904AF0}.AppStore|x64.Build.0 = Release|Any CPU
		{0027F8B6-0954-49FC-8F2F-411959904AF0}.AppStore|x86.ActiveCfg = Release|Any CPU
		{0027F8B6-0954-49FC-8F2F-411959904AF0}.AppStore|x86.Build.0 = Release|Any CPU
		{0027F8B6-0954-49FC-8F2F-411959904AF0}.Debug|Any CPU.ActiveCfg = Debug|Any CPU
		{0027F8B6-0954-49FC-8F2F-411959904AF0}.Debug|Any CPU.Build.0 = Debug|Any CPU
		{0027F8B6-0954-49FC-8F2F-411959904AF0}.Debug|ARM.ActiveCfg = Debug|Any CPU
		{0027F8B6-0954-49FC-8F2F-411959904AF0}.Debug|ARM.Build.0 = Debug|Any CPU
		{0027F8B6-0954-49FC-8F2F-411959904AF0}.Debug|iPhone.ActiveCfg = Debug|Any CPU
		{0027F8B6-0954-49FC-8F2F-411959904AF0}.Debug|iPhone.Build.0 = Debug|Any CPU
		{0027F8B6-0954-49FC-8F2F-411959904AF0}.Debug|iPhoneSimulator.ActiveCfg = Debug|Any CPU
		{0027F8B6-0954-49FC-8F2F-411959904AF0}.Debug|iPhoneSimulator.Build.0 = Debug|Any CPU
		{0027F8B6-0954-49FC-8F2F-411959904AF0}.Debug|x64.ActiveCfg = Debug|Any CPU
		{0027F8B6-0954-49FC-8F2F-411959904AF0}.Debug|x64.Build.0 = Debug|Any CPU
		{0027F8B6-0954-49FC-8F2F-411959904AF0}.Debug|x86.ActiveCfg = Debug|Any CPU
		{0027F8B6-0954-49FC-8F2F-411959904AF0}.Debug|x86.Build.0 = Debug|Any CPU
		{0027F8B6-0954-49FC-8F2F-411959904AF0}.Release|Any CPU.ActiveCfg = Release|Any CPU
		{0027F8B6-0954-49FC-8F2F-411959904AF0}.Release|Any CPU.Build.0 = Release|Any CPU
		{0027F8B6-0954-49FC-8F2F-411959904AF0}.Release|ARM.ActiveCfg = Release|Any CPU
		{0027F8B6-0954-49FC-8F2F-411959904AF0}.Release|ARM.Build.0 = Release|Any CPU
		{0027F8B6-0954-49FC-8F2F-411959904AF0}.Release|iPhone.ActiveCfg = Release|Any CPU
		{0027F8B6-0954-49FC-8F2F-411959904AF0}.Release|iPhone.Build.0 = Release|Any CPU
		{0027F8B6-0954-49FC-8F2F-411959904AF0}.Release|iPhoneSimulator.ActiveCfg = Release|Any CPU
		{0027F8B6-0954-49FC-8F2F-411959904AF0}.Release|iPhoneSimulator.Build.0 = Release|Any CPU
		{0027F8B6-0954-49FC-8F2F-411959904AF0}.Release|x64.ActiveCfg = Release|Any CPU
		{0027F8B6-0954-49FC-8F2F-411959904AF0}.Release|x64.Build.0 = Release|Any CPU
		{0027F8B6-0954-49FC-8F2F-411959904AF0}.Release|x86.ActiveCfg = Release|Any CPU
		{0027F8B6-0954-49FC-8F2F-411959904AF0}.Release|x86.Build.0 = Release|Any CPU
		{37B7FE26-AA6B-4ABA-894A-9B0D20DFDD60}.Ad-Hoc|Any CPU.ActiveCfg = Release|Any CPU
		{37B7FE26-AA6B-4ABA-894A-9B0D20DFDD60}.Ad-Hoc|Any CPU.Build.0 = Release|Any CPU
		{37B7FE26-AA6B-4ABA-894A-9B0D20DFDD60}.Ad-Hoc|ARM.ActiveCfg = Release|Any CPU
		{37B7FE26-AA6B-4ABA-894A-9B0D20DFDD60}.Ad-Hoc|ARM.Build.0 = Release|Any CPU
		{37B7FE26-AA6B-4ABA-894A-9B0D20DFDD60}.Ad-Hoc|iPhone.ActiveCfg = Release|Any CPU
		{37B7FE26-AA6B-4ABA-894A-9B0D20DFDD60}.Ad-Hoc|iPhone.Build.0 = Release|Any CPU
		{37B7FE26-AA6B-4ABA-894A-9B0D20DFDD60}.Ad-Hoc|iPhoneSimulator.ActiveCfg = Release|Any CPU
		{37B7FE26-AA6B-4ABA-894A-9B0D20DFDD60}.Ad-Hoc|iPhoneSimulator.Build.0 = Release|Any CPU
		{37B7FE26-AA6B-4ABA-894A-9B0D20DFDD60}.Ad-Hoc|x64.ActiveCfg = Release|Any CPU
		{37B7FE26-AA6B-4ABA-894A-9B0D20DFDD60}.Ad-Hoc|x64.Build.0 = Release|Any CPU
		{37B7FE26-AA6B-4ABA-894A-9B0D20DFDD60}.Ad-Hoc|x86.ActiveCfg = Release|Any CPU
		{37B7FE26-AA6B-4ABA-894A-9B0D20DFDD60}.Ad-Hoc|x86.Build.0 = Release|Any CPU
		{37B7FE26-AA6B-4ABA-894A-9B0D20DFDD60}.AppStore|Any CPU.ActiveCfg = Release|Any CPU
		{37B7FE26-AA6B-4ABA-894A-9B0D20DFDD60}.AppStore|Any CPU.Build.0 = Release|Any CPU
		{37B7FE26-AA6B-4ABA-894A-9B0D20DFDD60}.AppStore|ARM.ActiveCfg = Release|Any CPU
		{37B7FE26-AA6B-4ABA-894A-9B0D20DFDD60}.AppStore|ARM.Build.0 = Release|Any CPU
		{37B7FE26-AA6B-4ABA-894A-9B0D20DFDD60}.AppStore|iPhone.ActiveCfg = Release|Any CPU
		{37B7FE26-AA6B-4ABA-894A-9B0D20DFDD60}.AppStore|iPhone.Build.0 = Release|Any CPU
		{37B7FE26-AA6B-4ABA-894A-9B0D20DFDD60}.AppStore|iPhoneSimulator.ActiveCfg = Release|Any CPU
		{37B7FE26-AA6B-4ABA-894A-9B0D20DFDD60}.AppStore|iPhoneSimulator.Build.0 = Release|Any CPU
		{37B7FE26-AA6B-4ABA-894A-9B0D20DFDD60}.AppStore|x64.ActiveCfg = Release|Any CPU
		{37B7FE26-AA6B-4ABA-894A-9B0D20DFDD60}.AppStore|x64.Build.0 = Release|Any CPU
		{37B7FE26-AA6B-4ABA-894A-9B0D20DFDD60}.AppStore|x86.ActiveCfg = Release|Any CPU
		{37B7FE26-AA6B-4ABA-894A-9B0D20DFDD60}.AppStore|x86.Build.0 = Release|Any CPU
		{37B7FE26-AA6B-4ABA-894A-9B0D20DFDD60}.Debug|Any CPU.ActiveCfg = Debug|Any CPU
		{37B7FE26-AA6B-4ABA-894A-9B0D20DFDD60}.Debug|Any CPU.Build.0 = Debug|Any CPU
		{37B7FE26-AA6B-4ABA-894A-9B0D20DFDD60}.Debug|ARM.ActiveCfg = Debug|Any CPU
		{37B7FE26-AA6B-4ABA-894A-9B0D20DFDD60}.Debug|ARM.Build.0 = Debug|Any CPU
		{37B7FE26-AA6B-4ABA-894A-9B0D20DFDD60}.Debug|iPhone.ActiveCfg = Debug|Any CPU
		{37B7FE26-AA6B-4ABA-894A-9B0D20DFDD60}.Debug|iPhone.Build.0 = Debug|Any CPU
		{37B7FE26-AA6B-4ABA-894A-9B0D20DFDD60}.Debug|iPhoneSimulator.ActiveCfg = Debug|Any CPU
		{37B7FE26-AA6B-4ABA-894A-9B0D20DFDD60}.Debug|iPhoneSimulator.Build.0 = Debug|Any CPU
		{37B7FE26-AA6B-4ABA-894A-9B0D20DFDD60}.Debug|x64.ActiveCfg = Debug|Any CPU
		{37B7FE26-AA6B-4ABA-894A-9B0D20DFDD60}.Debug|x64.Build.0 = Debug|Any CPU
		{37B7FE26-AA6B-4ABA-894A-9B0D20DFDD60}.Debug|x86.ActiveCfg = Debug|Any CPU
		{37B7FE26-AA6B-4ABA-894A-9B0D20DFDD60}.Debug|x86.Build.0 = Debug|Any CPU
		{37B7FE26-AA6B-4ABA-894A-9B0D20DFDD60}.Release|Any CPU.ActiveCfg = Release|Any CPU
		{37B7FE26-AA6B-4ABA-894A-9B0D20DFDD60}.Release|Any CPU.Build.0 = Release|Any CPU
		{37B7FE26-AA6B-4ABA-894A-9B0D20DFDD60}.Release|ARM.ActiveCfg = Release|Any CPU
		{37B7FE26-AA6B-4ABA-894A-9B0D20DFDD60}.Release|ARM.Build.0 = Release|Any CPU
		{37B7FE26-AA6B-4ABA-894A-9B0D20DFDD60}.Release|iPhone.ActiveCfg = Release|Any CPU
		{37B7FE26-AA6B-4ABA-894A-9B0D20DFDD60}.Release|iPhone.Build.0 = Release|Any CPU
		{37B7FE26-AA6B-4ABA-894A-9B0D20DFDD60}.Release|iPhoneSimulator.ActiveCfg = Release|Any CPU
		{37B7FE26-AA6B-4ABA-894A-9B0D20DFDD60}.Release|iPhoneSimulator.Build.0 = Release|Any CPU
		{37B7FE26-AA6B-4ABA-894A-9B0D20DFDD60}.Release|x64.ActiveCfg = Release|Any CPU
		{37B7FE26-AA6B-4ABA-894A-9B0D20DFDD60}.Release|x64.Build.0 = Release|Any CPU
		{37B7FE26-AA6B-4ABA-894A-9B0D20DFDD60}.Release|x86.ActiveCfg = Release|Any CPU
		{37B7FE26-AA6B-4ABA-894A-9B0D20DFDD60}.Release|x86.Build.0 = Release|Any CPU
		{E2538415-3286-439A-9778-634B44346A2F}.Ad-Hoc|Any CPU.ActiveCfg = Release|Any CPU
		{E2538415-3286-439A-9778-634B44346A2F}.Ad-Hoc|Any CPU.Build.0 = Release|Any CPU
		{E2538415-3286-439A-9778-634B44346A2F}.Ad-Hoc|Any CPU.Deploy.0 = Release|Any CPU
		{E2538415-3286-439A-9778-634B44346A2F}.Ad-Hoc|ARM.ActiveCfg = Release|Any CPU
		{E2538415-3286-439A-9778-634B44346A2F}.Ad-Hoc|ARM.Build.0 = Release|Any CPU
		{E2538415-3286-439A-9778-634B44346A2F}.Ad-Hoc|ARM.Deploy.0 = Release|Any CPU
		{E2538415-3286-439A-9778-634B44346A2F}.Ad-Hoc|iPhone.ActiveCfg = Release|Any CPU
		{E2538415-3286-439A-9778-634B44346A2F}.Ad-Hoc|iPhone.Build.0 = Release|Any CPU
		{E2538415-3286-439A-9778-634B44346A2F}.Ad-Hoc|iPhone.Deploy.0 = Release|Any CPU
		{E2538415-3286-439A-9778-634B44346A2F}.Ad-Hoc|iPhoneSimulator.ActiveCfg = Release|Any CPU
		{E2538415-3286-439A-9778-634B44346A2F}.Ad-Hoc|iPhoneSimulator.Build.0 = Release|Any CPU
		{E2538415-3286-439A-9778-634B44346A2F}.Ad-Hoc|iPhoneSimulator.Deploy.0 = Release|Any CPU
		{E2538415-3286-439A-9778-634B44346A2F}.Ad-Hoc|x64.ActiveCfg = Release|Any CPU
		{E2538415-3286-439A-9778-634B44346A2F}.Ad-Hoc|x64.Build.0 = Release|Any CPU
		{E2538415-3286-439A-9778-634B44346A2F}.Ad-Hoc|x64.Deploy.0 = Release|Any CPU
		{E2538415-3286-439A-9778-634B44346A2F}.Ad-Hoc|x86.ActiveCfg = Release|Any CPU
		{E2538415-3286-439A-9778-634B44346A2F}.Ad-Hoc|x86.Build.0 = Release|Any CPU
		{E2538415-3286-439A-9778-634B44346A2F}.Ad-Hoc|x86.Deploy.0 = Release|Any CPU
		{E2538415-3286-439A-9778-634B44346A2F}.AppStore|Any CPU.ActiveCfg = Release|Any CPU
		{E2538415-3286-439A-9778-634B44346A2F}.AppStore|Any CPU.Build.0 = Release|Any CPU
		{E2538415-3286-439A-9778-634B44346A2F}.AppStore|Any CPU.Deploy.0 = Release|Any CPU
		{E2538415-3286-439A-9778-634B44346A2F}.AppStore|ARM.ActiveCfg = Release|Any CPU
		{E2538415-3286-439A-9778-634B44346A2F}.AppStore|ARM.Build.0 = Release|Any CPU
		{E2538415-3286-439A-9778-634B44346A2F}.AppStore|ARM.Deploy.0 = Release|Any CPU
		{E2538415-3286-439A-9778-634B44346A2F}.AppStore|iPhone.ActiveCfg = Release|Any CPU
		{E2538415-3286-439A-9778-634B44346A2F}.AppStore|iPhone.Build.0 = Release|Any CPU
		{E2538415-3286-439A-9778-634B44346A2F}.AppStore|iPhone.Deploy.0 = Release|Any CPU
		{E2538415-3286-439A-9778-634B44346A2F}.AppStore|iPhoneSimulator.ActiveCfg = Release|Any CPU
		{E2538415-3286-439A-9778-634B44346A2F}.AppStore|iPhoneSimulator.Build.0 = Release|Any CPU
		{E2538415-3286-439A-9778-634B44346A2F}.AppStore|iPhoneSimulator.Deploy.0 = Release|Any CPU
		{E2538415-3286-439A-9778-634B44346A2F}.AppStore|x64.ActiveCfg = Release|Any CPU
		{E2538415-3286-439A-9778-634B44346A2F}.AppStore|x64.Build.0 = Release|Any CPU
		{E2538415-3286-439A-9778-634B44346A2F}.AppStore|x64.Deploy.0 = Release|Any CPU
		{E2538415-3286-439A-9778-634B44346A2F}.AppStore|x86.ActiveCfg = Release|Any CPU
		{E2538415-3286-439A-9778-634B44346A2F}.AppStore|x86.Build.0 = Release|Any CPU
		{E2538415-3286-439A-9778-634B44346A2F}.AppStore|x86.Deploy.0 = Release|Any CPU
		{E2538415-3286-439A-9778-634B44346A2F}.Debug|Any CPU.ActiveCfg = Debug|Any CPU
		{E2538415-3286-439A-9778-634B44346A2F}.Debug|Any CPU.Build.0 = Debug|Any CPU
		{E2538415-3286-439A-9778-634B44346A2F}.Debug|Any CPU.Deploy.0 = Debug|Any CPU
		{E2538415-3286-439A-9778-634B44346A2F}.Debug|ARM.ActiveCfg = Debug|Any CPU
		{E2538415-3286-439A-9778-634B44346A2F}.Debug|ARM.Build.0 = Debug|Any CPU
		{E2538415-3286-439A-9778-634B44346A2F}.Debug|ARM.Deploy.0 = Debug|Any CPU
		{E2538415-3286-439A-9778-634B44346A2F}.Debug|iPhone.ActiveCfg = Debug|Any CPU
		{E2538415-3286-439A-9778-634B44346A2F}.Debug|iPhone.Build.0 = Debug|Any CPU
		{E2538415-3286-439A-9778-634B44346A2F}.Debug|iPhone.Deploy.0 = Debug|Any CPU
		{E2538415-3286-439A-9778-634B44346A2F}.Debug|iPhoneSimulator.ActiveCfg = Debug|Any CPU
		{E2538415-3286-439A-9778-634B44346A2F}.Debug|iPhoneSimulator.Build.0 = Debug|Any CPU
		{E2538415-3286-439A-9778-634B44346A2F}.Debug|iPhoneSimulator.Deploy.0 = Debug|Any CPU
		{E2538415-3286-439A-9778-634B44346A2F}.Debug|x64.ActiveCfg = Debug|Any CPU
		{E2538415-3286-439A-9778-634B44346A2F}.Debug|x64.Build.0 = Debug|Any CPU
		{E2538415-3286-439A-9778-634B44346A2F}.Debug|x64.Deploy.0 = Debug|Any CPU
		{E2538415-3286-439A-9778-634B44346A2F}.Debug|x86.ActiveCfg = Debug|Any CPU
		{E2538415-3286-439A-9778-634B44346A2F}.Debug|x86.Build.0 = Debug|Any CPU
		{E2538415-3286-439A-9778-634B44346A2F}.Debug|x86.Deploy.0 = Debug|Any CPU
		{E2538415-3286-439A-9778-634B44346A2F}.Release|Any CPU.ActiveCfg = Release|Any CPU
		{E2538415-3286-439A-9778-634B44346A2F}.Release|Any CPU.Build.0 = Release|Any CPU
		{E2538415-3286-439A-9778-634B44346A2F}.Release|Any CPU.Deploy.0 = Release|Any CPU
		{E2538415-3286-439A-9778-634B44346A2F}.Release|ARM.ActiveCfg = Release|Any CPU
		{E2538415-3286-439A-9778-634B44346A2F}.Release|ARM.Build.0 = Release|Any CPU
		{E2538415-3286-439A-9778-634B44346A2F}.Release|ARM.Deploy.0 = Release|Any CPU
		{E2538415-3286-439A-9778-634B44346A2F}.Release|iPhone.ActiveCfg = Release|Any CPU
		{E2538415-3286-439A-9778-634B44346A2F}.Release|iPhone.Build.0 = Release|Any CPU
		{E2538415-3286-439A-9778-634B44346A2F}.Release|iPhone.Deploy.0 = Release|Any CPU
		{E2538415-3286-439A-9778-634B44346A2F}.Release|iPhoneSimulator.ActiveCfg = Release|Any CPU
		{E2538415-3286-439A-9778-634B44346A2F}.Release|iPhoneSimulator.Build.0 = Release|Any CPU
		{E2538415-3286-439A-9778-634B44346A2F}.Release|iPhoneSimulator.Deploy.0 = Release|Any CPU
		{E2538415-3286-439A-9778-634B44346A2F}.Release|x64.ActiveCfg = Release|Any CPU
		{E2538415-3286-439A-9778-634B44346A2F}.Release|x64.Build.0 = Release|Any CPU
		{E2538415-3286-439A-9778-634B44346A2F}.Release|x64.Deploy.0 = Release|Any CPU
		{E2538415-3286-439A-9778-634B44346A2F}.Release|x86.ActiveCfg = Release|Any CPU
		{E2538415-3286-439A-9778-634B44346A2F}.Release|x86.Build.0 = Release|Any CPU
		{E2538415-3286-439A-9778-634B44346A2F}.Release|x86.Deploy.0 = Release|Any CPU
		{DA9E318B-9C3A-49CD-8210-E0556C667B0D}.Ad-Hoc|Any CPU.ActiveCfg = Release|Any CPU
		{DA9E318B-9C3A-49CD-8210-E0556C667B0D}.Ad-Hoc|Any CPU.Build.0 = Release|Any CPU
		{DA9E318B-9C3A-49CD-8210-E0556C667B0D}.Ad-Hoc|ARM.ActiveCfg = Release|Any CPU
		{DA9E318B-9C3A-49CD-8210-E0556C667B0D}.Ad-Hoc|ARM.Build.0 = Release|Any CPU
		{DA9E318B-9C3A-49CD-8210-E0556C667B0D}.Ad-Hoc|iPhone.ActiveCfg = Release|Any CPU
		{DA9E318B-9C3A-49CD-8210-E0556C667B0D}.Ad-Hoc|iPhone.Build.0 = Release|Any CPU
		{DA9E318B-9C3A-49CD-8210-E0556C667B0D}.Ad-Hoc|iPhoneSimulator.ActiveCfg = Release|Any CPU
		{DA9E318B-9C3A-49CD-8210-E0556C667B0D}.Ad-Hoc|iPhoneSimulator.Build.0 = Release|Any CPU
		{DA9E318B-9C3A-49CD-8210-E0556C667B0D}.Ad-Hoc|x64.ActiveCfg = Release|Any CPU
		{DA9E318B-9C3A-49CD-8210-E0556C667B0D}.Ad-Hoc|x64.Build.0 = Release|Any CPU
		{DA9E318B-9C3A-49CD-8210-E0556C667B0D}.Ad-Hoc|x86.ActiveCfg = Release|Any CPU
		{DA9E318B-9C3A-49CD-8210-E0556C667B0D}.Ad-Hoc|x86.Build.0 = Release|Any CPU
		{DA9E318B-9C3A-49CD-8210-E0556C667B0D}.AppStore|Any CPU.ActiveCfg = Release|Any CPU
		{DA9E318B-9C3A-49CD-8210-E0556C667B0D}.AppStore|Any CPU.Build.0 = Release|Any CPU
		{DA9E318B-9C3A-49CD-8210-E0556C667B0D}.AppStore|ARM.ActiveCfg = Release|Any CPU
		{DA9E318B-9C3A-49CD-8210-E0556C667B0D}.AppStore|ARM.Build.0 = Release|Any CPU
		{DA9E318B-9C3A-49CD-8210-E0556C667B0D}.AppStore|iPhone.ActiveCfg = Release|Any CPU
		{DA9E318B-9C3A-49CD-8210-E0556C667B0D}.AppStore|iPhone.Build.0 = Release|Any CPU
		{DA9E318B-9C3A-49CD-8210-E0556C667B0D}.AppStore|iPhoneSimulator.ActiveCfg = Release|Any CPU
		{DA9E318B-9C3A-49CD-8210-E0556C667B0D}.AppStore|iPhoneSimulator.Build.0 = Release|Any CPU
		{DA9E318B-9C3A-49CD-8210-E0556C667B0D}.AppStore|x64.ActiveCfg = Release|Any CPU
		{DA9E318B-9C3A-49CD-8210-E0556C667B0D}.AppStore|x64.Build.0 = Release|Any CPU
		{DA9E318B-9C3A-49CD-8210-E0556C667B0D}.AppStore|x86.ActiveCfg = Release|Any CPU
		{DA9E318B-9C3A-49CD-8210-E0556C667B0D}.AppStore|x86.Build.0 = Release|Any CPU
		{DA9E318B-9C3A-49CD-8210-E0556C667B0D}.Debug|Any CPU.ActiveCfg = Debug|Any CPU
		{DA9E318B-9C3A-49CD-8210-E0556C667B0D}.Debug|Any CPU.Build.0 = Debug|Any CPU
		{DA9E318B-9C3A-49CD-8210-E0556C667B0D}.Debug|ARM.ActiveCfg = Debug|Any CPU
		{DA9E318B-9C3A-49CD-8210-E0556C667B0D}.Debug|ARM.Build.0 = Debug|Any CPU
		{DA9E318B-9C3A-49CD-8210-E0556C667B0D}.Debug|iPhone.ActiveCfg = Debug|Any CPU
		{DA9E318B-9C3A-49CD-8210-E0556C667B0D}.Debug|iPhone.Build.0 = Debug|Any CPU
		{DA9E318B-9C3A-49CD-8210-E0556C667B0D}.Debug|iPhoneSimulator.ActiveCfg = Debug|Any CPU
		{DA9E318B-9C3A-49CD-8210-E0556C667B0D}.Debug|iPhoneSimulator.Build.0 = Debug|Any CPU
		{DA9E318B-9C3A-49CD-8210-E0556C667B0D}.Debug|x64.ActiveCfg = Debug|Any CPU
		{DA9E318B-9C3A-49CD-8210-E0556C667B0D}.Debug|x64.Build.0 = Debug|Any CPU
		{DA9E318B-9C3A-49CD-8210-E0556C667B0D}.Debug|x86.ActiveCfg = Debug|Any CPU
		{DA9E318B-9C3A-49CD-8210-E0556C667B0D}.Debug|x86.Build.0 = Debug|Any CPU
		{DA9E318B-9C3A-49CD-8210-E0556C667B0D}.Release|Any CPU.ActiveCfg = Release|Any CPU
		{DA9E318B-9C3A-49CD-8210-E0556C667B0D}.Release|Any CPU.Build.0 = Release|Any CPU
		{DA9E318B-9C3A-49CD-8210-E0556C667B0D}.Release|ARM.ActiveCfg = Release|Any CPU
		{DA9E318B-9C3A-49CD-8210-E0556C667B0D}.Release|ARM.Build.0 = Release|Any CPU
		{DA9E318B-9C3A-49CD-8210-E0556C667B0D}.Release|iPhone.ActiveCfg = Release|Any CPU
		{DA9E318B-9C3A-49CD-8210-E0556C667B0D}.Release|iPhone.Build.0 = Release|Any CPU
		{DA9E318B-9C3A-49CD-8210-E0556C667B0D}.Release|iPhoneSimulator.ActiveCfg = Release|Any CPU
		{DA9E318B-9C3A-49CD-8210-E0556C667B0D}.Release|iPhoneSimulator.Build.0 = Release|Any CPU
		{DA9E318B-9C3A-49CD-8210-E0556C667B0D}.Release|x64.ActiveCfg = Release|Any CPU
		{DA9E318B-9C3A-49CD-8210-E0556C667B0D}.Release|x64.Build.0 = Release|Any CPU
		{DA9E318B-9C3A-49CD-8210-E0556C667B0D}.Release|x86.ActiveCfg = Release|Any CPU
		{DA9E318B-9C3A-49CD-8210-E0556C667B0D}.Release|x86.Build.0 = Release|Any CPU
		{49EF7DA5-7043-418A-B75D-9573E62C685F}.Ad-Hoc|Any CPU.ActiveCfg = Release|Any CPU
		{49EF7DA5-7043-418A-B75D-9573E62C685F}.Ad-Hoc|Any CPU.Build.0 = Release|Any CPU
		{49EF7DA5-7043-418A-B75D-9573E62C685F}.Ad-Hoc|Any CPU.Deploy.0 = Release|Any CPU
		{49EF7DA5-7043-418A-B75D-9573E62C685F}.Ad-Hoc|ARM.ActiveCfg = Release|Any CPU
		{49EF7DA5-7043-418A-B75D-9573E62C685F}.Ad-Hoc|ARM.Build.0 = Release|Any CPU
		{49EF7DA5-7043-418A-B75D-9573E62C685F}.Ad-Hoc|ARM.Deploy.0 = Release|Any CPU
		{49EF7DA5-7043-418A-B75D-9573E62C685F}.Ad-Hoc|iPhone.ActiveCfg = Release|Any CPU
		{49EF7DA5-7043-418A-B75D-9573E62C685F}.Ad-Hoc|iPhone.Build.0 = Release|Any CPU
		{49EF7DA5-7043-418A-B75D-9573E62C685F}.Ad-Hoc|iPhone.Deploy.0 = Release|Any CPU
		{49EF7DA5-7043-418A-B75D-9573E62C685F}.Ad-Hoc|iPhoneSimulator.ActiveCfg = Release|Any CPU
		{49EF7DA5-7043-418A-B75D-9573E62C685F}.Ad-Hoc|iPhoneSimulator.Build.0 = Release|Any CPU
		{49EF7DA5-7043-418A-B75D-9573E62C685F}.Ad-Hoc|iPhoneSimulator.Deploy.0 = Release|Any CPU
		{49EF7DA5-7043-418A-B75D-9573E62C685F}.Ad-Hoc|x64.ActiveCfg = Release|Any CPU
		{49EF7DA5-7043-418A-B75D-9573E62C685F}.Ad-Hoc|x64.Build.0 = Release|Any CPU
		{49EF7DA5-7043-418A-B75D-9573E62C685F}.Ad-Hoc|x64.Deploy.0 = Release|Any CPU
		{49EF7DA5-7043-418A-B75D-9573E62C685F}.Ad-Hoc|x86.ActiveCfg = Release|Any CPU
		{49EF7DA5-7043-418A-B75D-9573E62C685F}.Ad-Hoc|x86.Build.0 = Release|Any CPU
		{49EF7DA5-7043-418A-B75D-9573E62C685F}.Ad-Hoc|x86.Deploy.0 = Release|Any CPU
		{49EF7DA5-7043-418A-B75D-9573E62C685F}.AppStore|Any CPU.ActiveCfg = Release|Any CPU
		{49EF7DA5-7043-418A-B75D-9573E62C685F}.AppStore|Any CPU.Build.0 = Release|Any CPU
		{49EF7DA5-7043-418A-B75D-9573E62C685F}.AppStore|Any CPU.Deploy.0 = Release|Any CPU
		{49EF7DA5-7043-418A-B75D-9573E62C685F}.AppStore|ARM.ActiveCfg = Release|Any CPU
		{49EF7DA5-7043-418A-B75D-9573E62C685F}.AppStore|ARM.Build.0 = Release|Any CPU
		{49EF7DA5-7043-418A-B75D-9573E62C685F}.AppStore|ARM.Deploy.0 = Release|Any CPU
		{49EF7DA5-7043-418A-B75D-9573E62C685F}.AppStore|iPhone.ActiveCfg = Release|Any CPU
		{49EF7DA5-7043-418A-B75D-9573E62C685F}.AppStore|iPhone.Build.0 = Release|Any CPU
		{49EF7DA5-7043-418A-B75D-9573E62C685F}.AppStore|iPhone.Deploy.0 = Release|Any CPU
		{49EF7DA5-7043-418A-B75D-9573E62C685F}.AppStore|iPhoneSimulator.ActiveCfg = Release|Any CPU
		{49EF7DA5-7043-418A-B75D-9573E62C685F}.AppStore|iPhoneSimulator.Build.0 = Release|Any CPU
		{49EF7DA5-7043-418A-B75D-9573E62C685F}.AppStore|iPhoneSimulator.Deploy.0 = Release|Any CPU
		{49EF7DA5-7043-418A-B75D-9573E62C685F}.AppStore|x64.ActiveCfg = Release|Any CPU
		{49EF7DA5-7043-418A-B75D-9573E62C685F}.AppStore|x64.Build.0 = Release|Any CPU
		{49EF7DA5-7043-418A-B75D-9573E62C685F}.AppStore|x64.Deploy.0 = Release|Any CPU
		{49EF7DA5-7043-418A-B75D-9573E62C685F}.AppStore|x86.ActiveCfg = Release|Any CPU
		{49EF7DA5-7043-418A-B75D-9573E62C685F}.AppStore|x86.Build.0 = Release|Any CPU
		{49EF7DA5-7043-418A-B75D-9573E62C685F}.AppStore|x86.Deploy.0 = Release|Any CPU
		{49EF7DA5-7043-418A-B75D-9573E62C685F}.Debug|Any CPU.ActiveCfg = Debug|Any CPU
		{49EF7DA5-7043-418A-B75D-9573E62C685F}.Debug|Any CPU.Build.0 = Debug|Any CPU
		{49EF7DA5-7043-418A-B75D-9573E62C685F}.Debug|Any CPU.Deploy.0 = Debug|Any CPU
		{49EF7DA5-7043-418A-B75D-9573E62C685F}.Debug|ARM.ActiveCfg = Debug|Any CPU
		{49EF7DA5-7043-418A-B75D-9573E62C685F}.Debug|ARM.Build.0 = Debug|Any CPU
		{49EF7DA5-7043-418A-B75D-9573E62C685F}.Debug|ARM.Deploy.0 = Debug|Any CPU
		{49EF7DA5-7043-418A-B75D-9573E62C685F}.Debug|iPhone.ActiveCfg = Debug|Any CPU
		{49EF7DA5-7043-418A-B75D-9573E62C685F}.Debug|iPhone.Build.0 = Debug|Any CPU
		{49EF7DA5-7043-418A-B75D-9573E62C685F}.Debug|iPhone.Deploy.0 = Debug|Any CPU
		{49EF7DA5-7043-418A-B75D-9573E62C685F}.Debug|iPhoneSimulator.ActiveCfg = Debug|Any CPU
		{49EF7DA5-7043-418A-B75D-9573E62C685F}.Debug|iPhoneSimulator.Build.0 = Debug|Any CPU
		{49EF7DA5-7043-418A-B75D-9573E62C685F}.Debug|iPhoneSimulator.Deploy.0 = Debug|Any CPU
		{49EF7DA5-7043-418A-B75D-9573E62C685F}.Debug|x64.ActiveCfg = Debug|Any CPU
		{49EF7DA5-7043-418A-B75D-9573E62C685F}.Debug|x64.Build.0 = Debug|Any CPU
		{49EF7DA5-7043-418A-B75D-9573E62C685F}.Debug|x64.Deploy.0 = Debug|Any CPU
		{49EF7DA5-7043-418A-B75D-9573E62C685F}.Debug|x86.ActiveCfg = Debug|Any CPU
		{49EF7DA5-7043-418A-B75D-9573E62C685F}.Debug|x86.Build.0 = Debug|Any CPU
		{49EF7DA5-7043-418A-B75D-9573E62C685F}.Debug|x86.Deploy.0 = Debug|Any CPU
		{49EF7DA5-7043-418A-B75D-9573E62C685F}.Release|Any CPU.ActiveCfg = Release|Any CPU
		{49EF7DA5-7043-418A-B75D-9573E62C685F}.Release|Any CPU.Build.0 = Release|Any CPU
		{49EF7DA5-7043-418A-B75D-9573E62C685F}.Release|Any CPU.Deploy.0 = Release|Any CPU
		{49EF7DA5-7043-418A-B75D-9573E62C685F}.Release|ARM.ActiveCfg = Release|Any CPU
		{49EF7DA5-7043-418A-B75D-9573E62C685F}.Release|ARM.Build.0 = Release|Any CPU
		{49EF7DA5-7043-418A-B75D-9573E62C685F}.Release|ARM.Deploy.0 = Release|Any CPU
		{49EF7DA5-7043-418A-B75D-9573E62C685F}.Release|iPhone.ActiveCfg = Release|Any CPU
		{49EF7DA5-7043-418A-B75D-9573E62C685F}.Release|iPhone.Build.0 = Release|Any CPU
		{49EF7DA5-7043-418A-B75D-9573E62C685F}.Release|iPhone.Deploy.0 = Release|Any CPU
		{49EF7DA5-7043-418A-B75D-9573E62C685F}.Release|iPhoneSimulator.ActiveCfg = Release|Any CPU
		{49EF7DA5-7043-418A-B75D-9573E62C685F}.Release|iPhoneSimulator.Build.0 = Release|Any CPU
		{49EF7DA5-7043-418A-B75D-9573E62C685F}.Release|iPhoneSimulator.Deploy.0 = Release|Any CPU
		{49EF7DA5-7043-418A-B75D-9573E62C685F}.Release|x64.ActiveCfg = Release|Any CPU
		{49EF7DA5-7043-418A-B75D-9573E62C685F}.Release|x64.Build.0 = Release|Any CPU
		{49EF7DA5-7043-418A-B75D-9573E62C685F}.Release|x64.Deploy.0 = Release|Any CPU
		{49EF7DA5-7043-418A-B75D-9573E62C685F}.Release|x86.ActiveCfg = Release|Any CPU
		{49EF7DA5-7043-418A-B75D-9573E62C685F}.Release|x86.Build.0 = Release|Any CPU
		{49EF7DA5-7043-418A-B75D-9573E62C685F}.Release|x86.Deploy.0 = Release|Any CPU
		{FCCB2857-2642-4B23-A986-F3C148E47663}.Ad-Hoc|Any CPU.ActiveCfg = Release|Any CPU
		{FCCB2857-2642-4B23-A986-F3C148E47663}.Ad-Hoc|Any CPU.Build.0 = Release|Any CPU
		{FCCB2857-2642-4B23-A986-F3C148E47663}.Ad-Hoc|ARM.ActiveCfg = Release|Any CPU
		{FCCB2857-2642-4B23-A986-F3C148E47663}.Ad-Hoc|ARM.Build.0 = Release|Any CPU
		{FCCB2857-2642-4B23-A986-F3C148E47663}.Ad-Hoc|iPhone.ActiveCfg = Release|Any CPU
		{FCCB2857-2642-4B23-A986-F3C148E47663}.Ad-Hoc|iPhone.Build.0 = Release|Any CPU
		{FCCB2857-2642-4B23-A986-F3C148E47663}.Ad-Hoc|iPhoneSimulator.ActiveCfg = Release|Any CPU
		{FCCB2857-2642-4B23-A986-F3C148E47663}.Ad-Hoc|iPhoneSimulator.Build.0 = Release|Any CPU
		{FCCB2857-2642-4B23-A986-F3C148E47663}.Ad-Hoc|x64.ActiveCfg = Release|Any CPU
		{FCCB2857-2642-4B23-A986-F3C148E47663}.Ad-Hoc|x64.Build.0 = Release|Any CPU
		{FCCB2857-2642-4B23-A986-F3C148E47663}.Ad-Hoc|x86.ActiveCfg = Release|Any CPU
		{FCCB2857-2642-4B23-A986-F3C148E47663}.Ad-Hoc|x86.Build.0 = Release|Any CPU
		{FCCB2857-2642-4B23-A986-F3C148E47663}.AppStore|Any CPU.ActiveCfg = Release|Any CPU
		{FCCB2857-2642-4B23-A986-F3C148E47663}.AppStore|Any CPU.Build.0 = Release|Any CPU
		{FCCB2857-2642-4B23-A986-F3C148E47663}.AppStore|ARM.ActiveCfg = Release|Any CPU
		{FCCB2857-2642-4B23-A986-F3C148E47663}.AppStore|ARM.Build.0 = Release|Any CPU
		{FCCB2857-2642-4B23-A986-F3C148E47663}.AppStore|iPhone.ActiveCfg = Release|Any CPU
		{FCCB2857-2642-4B23-A986-F3C148E47663}.AppStore|iPhone.Build.0 = Release|Any CPU
		{FCCB2857-2642-4B23-A986-F3C148E47663}.AppStore|iPhoneSimulator.ActiveCfg = Release|Any CPU
		{FCCB2857-2642-4B23-A986-F3C148E47663}.AppStore|iPhoneSimulator.Build.0 = Release|Any CPU
		{FCCB2857-2642-4B23-A986-F3C148E47663}.AppStore|x64.ActiveCfg = Release|Any CPU
		{FCCB2857-2642-4B23-A986-F3C148E47663}.AppStore|x64.Build.0 = Release|Any CPU
		{FCCB2857-2642-4B23-A986-F3C148E47663}.AppStore|x86.ActiveCfg = Release|Any CPU
		{FCCB2857-2642-4B23-A986-F3C148E47663}.AppStore|x86.Build.0 = Release|Any CPU
		{FCCB2857-2642-4B23-A986-F3C148E47663}.Debug|Any CPU.ActiveCfg = Debug|Any CPU
		{FCCB2857-2642-4B23-A986-F3C148E47663}.Debug|Any CPU.Build.0 = Debug|Any CPU
		{FCCB2857-2642-4B23-A986-F3C148E47663}.Debug|ARM.ActiveCfg = Debug|Any CPU
		{FCCB2857-2642-4B23-A986-F3C148E47663}.Debug|ARM.Build.0 = Debug|Any CPU
		{FCCB2857-2642-4B23-A986-F3C148E47663}.Debug|iPhone.ActiveCfg = Debug|Any CPU
		{FCCB2857-2642-4B23-A986-F3C148E47663}.Debug|iPhone.Build.0 = Debug|Any CPU
		{FCCB2857-2642-4B23-A986-F3C148E47663}.Debug|iPhoneSimulator.ActiveCfg = Debug|Any CPU
		{FCCB2857-2642-4B23-A986-F3C148E47663}.Debug|iPhoneSimulator.Build.0 = Debug|Any CPU
		{FCCB2857-2642-4B23-A986-F3C148E47663}.Debug|x64.ActiveCfg = Debug|Any CPU
		{FCCB2857-2642-4B23-A986-F3C148E47663}.Debug|x64.Build.0 = Debug|Any CPU
		{FCCB2857-2642-4B23-A986-F3C148E47663}.Debug|x86.ActiveCfg = Debug|Any CPU
		{FCCB2857-2642-4B23-A986-F3C148E47663}.Debug|x86.Build.0 = Debug|Any CPU
		{FCCB2857-2642-4B23-A986-F3C148E47663}.Release|Any CPU.ActiveCfg = Release|Any CPU
		{FCCB2857-2642-4B23-A986-F3C148E47663}.Release|Any CPU.Build.0 = Release|Any CPU
		{FCCB2857-2642-4B23-A986-F3C148E47663}.Release|ARM.ActiveCfg = Release|Any CPU
		{FCCB2857-2642-4B23-A986-F3C148E47663}.Release|ARM.Build.0 = Release|Any CPU
		{FCCB2857-2642-4B23-A986-F3C148E47663}.Release|iPhone.ActiveCfg = Release|Any CPU
		{FCCB2857-2642-4B23-A986-F3C148E47663}.Release|iPhone.Build.0 = Release|Any CPU
		{FCCB2857-2642-4B23-A986-F3C148E47663}.Release|iPhoneSimulator.ActiveCfg = Release|Any CPU
		{FCCB2857-2642-4B23-A986-F3C148E47663}.Release|iPhoneSimulator.Build.0 = Release|Any CPU
		{FCCB2857-2642-4B23-A986-F3C148E47663}.Release|x64.ActiveCfg = Release|Any CPU
		{FCCB2857-2642-4B23-A986-F3C148E47663}.Release|x64.Build.0 = Release|Any CPU
		{FCCB2857-2642-4B23-A986-F3C148E47663}.Release|x86.ActiveCfg = Release|Any CPU
		{FCCB2857-2642-4B23-A986-F3C148E47663}.Release|x86.Build.0 = Release|Any CPU
		{5CAEA247-6AFD-4708-9999-8465EF59527E}.Ad-Hoc|Any CPU.ActiveCfg = Release|Any CPU
		{5CAEA247-6AFD-4708-9999-8465EF59527E}.Ad-Hoc|Any CPU.Build.0 = Release|Any CPU
		{5CAEA247-6AFD-4708-9999-8465EF59527E}.Ad-Hoc|ARM.ActiveCfg = Release|Any CPU
		{5CAEA247-6AFD-4708-9999-8465EF59527E}.Ad-Hoc|ARM.Build.0 = Release|Any CPU
		{5CAEA247-6AFD-4708-9999-8465EF59527E}.Ad-Hoc|iPhone.ActiveCfg = Release|Any CPU
		{5CAEA247-6AFD-4708-9999-8465EF59527E}.Ad-Hoc|iPhone.Build.0 = Release|Any CPU
		{5CAEA247-6AFD-4708-9999-8465EF59527E}.Ad-Hoc|iPhoneSimulator.ActiveCfg = Release|Any CPU
		{5CAEA247-6AFD-4708-9999-8465EF59527E}.Ad-Hoc|iPhoneSimulator.Build.0 = Release|Any CPU
		{5CAEA247-6AFD-4708-9999-8465EF59527E}.Ad-Hoc|x64.ActiveCfg = Release|Any CPU
		{5CAEA247-6AFD-4708-9999-8465EF59527E}.Ad-Hoc|x64.Build.0 = Release|Any CPU
		{5CAEA247-6AFD-4708-9999-8465EF59527E}.Ad-Hoc|x86.ActiveCfg = Release|Any CPU
		{5CAEA247-6AFD-4708-9999-8465EF59527E}.Ad-Hoc|x86.Build.0 = Release|Any CPU
		{5CAEA247-6AFD-4708-9999-8465EF59527E}.AppStore|Any CPU.ActiveCfg = Release|Any CPU
		{5CAEA247-6AFD-4708-9999-8465EF59527E}.AppStore|Any CPU.Build.0 = Release|Any CPU
		{5CAEA247-6AFD-4708-9999-8465EF59527E}.AppStore|ARM.ActiveCfg = Release|Any CPU
		{5CAEA247-6AFD-4708-9999-8465EF59527E}.AppStore|ARM.Build.0 = Release|Any CPU
		{5CAEA247-6AFD-4708-9999-8465EF59527E}.AppStore|iPhone.ActiveCfg = Release|Any CPU
		{5CAEA247-6AFD-4708-9999-8465EF59527E}.AppStore|iPhone.Build.0 = Release|Any CPU
		{5CAEA247-6AFD-4708-9999-8465EF59527E}.AppStore|iPhoneSimulator.ActiveCfg = Release|Any CPU
		{5CAEA247-6AFD-4708-9999-8465EF59527E}.AppStore|iPhoneSimulator.Build.0 = Release|Any CPU
		{5CAEA247-6AFD-4708-9999-8465EF59527E}.AppStore|x64.ActiveCfg = Release|Any CPU
		{5CAEA247-6AFD-4708-9999-8465EF59527E}.AppStore|x64.Build.0 = Release|Any CPU
		{5CAEA247-6AFD-4708-9999-8465EF59527E}.AppStore|x86.ActiveCfg = Release|Any CPU
		{5CAEA247-6AFD-4708-9999-8465EF59527E}.AppStore|x86.Build.0 = Release|Any CPU
		{5CAEA247-6AFD-4708-9999-8465EF59527E}.Debug|Any CPU.ActiveCfg = Debug|Any CPU
		{5CAEA247-6AFD-4708-9999-8465EF59527E}.Debug|Any CPU.Build.0 = Debug|Any CPU
		{5CAEA247-6AFD-4708-9999-8465EF59527E}.Debug|ARM.ActiveCfg = Debug|Any CPU
		{5CAEA247-6AFD-4708-9999-8465EF59527E}.Debug|ARM.Build.0 = Debug|Any CPU
		{5CAEA247-6AFD-4708-9999-8465EF59527E}.Debug|iPhone.ActiveCfg = Debug|Any CPU
		{5CAEA247-6AFD-4708-9999-8465EF59527E}.Debug|iPhone.Build.0 = Debug|Any CPU
		{5CAEA247-6AFD-4708-9999-8465EF59527E}.Debug|iPhoneSimulator.ActiveCfg = Debug|Any CPU
		{5CAEA247-6AFD-4708-9999-8465EF59527E}.Debug|iPhoneSimulator.Build.0 = Debug|Any CPU
		{5CAEA247-6AFD-4708-9999-8465EF59527E}.Debug|x64.ActiveCfg = Debug|Any CPU
		{5CAEA247-6AFD-4708-9999-8465EF59527E}.Debug|x64.Build.0 = Debug|Any CPU
		{5CAEA247-6AFD-4708-9999-8465EF59527E}.Debug|x86.ActiveCfg = Debug|Any CPU
		{5CAEA247-6AFD-4708-9999-8465EF59527E}.Debug|x86.Build.0 = Debug|Any CPU
		{5CAEA247-6AFD-4708-9999-8465EF59527E}.Release|Any CPU.ActiveCfg = Release|Any CPU
		{5CAEA247-6AFD-4708-9999-8465EF59527E}.Release|Any CPU.Build.0 = Release|Any CPU
		{5CAEA247-6AFD-4708-9999-8465EF59527E}.Release|ARM.ActiveCfg = Release|Any CPU
		{5CAEA247-6AFD-4708-9999-8465EF59527E}.Release|ARM.Build.0 = Release|Any CPU
		{5CAEA247-6AFD-4708-9999-8465EF59527E}.Release|iPhone.ActiveCfg = Release|Any CPU
		{5CAEA247-6AFD-4708-9999-8465EF59527E}.Release|iPhone.Build.0 = Release|Any CPU
		{5CAEA247-6AFD-4708-9999-8465EF59527E}.Release|iPhoneSimulator.ActiveCfg = Release|Any CPU
		{5CAEA247-6AFD-4708-9999-8465EF59527E}.Release|iPhoneSimulator.Build.0 = Release|Any CPU
		{5CAEA247-6AFD-4708-9999-8465EF59527E}.Release|x64.ActiveCfg = Release|Any CPU
		{5CAEA247-6AFD-4708-9999-8465EF59527E}.Release|x64.Build.0 = Release|Any CPU
		{5CAEA247-6AFD-4708-9999-8465EF59527E}.Release|x86.ActiveCfg = Release|Any CPU
		{5CAEA247-6AFD-4708-9999-8465EF59527E}.Release|x86.Build.0 = Release|Any CPU
	EndGlobalSection
	GlobalSection(SolutionProperties) = preSolution
		HideSolutionNode = FALSE
	EndGlobalSection
	GlobalSection(NestedProjects) = preSolution
		{0027F8B6-0954-49FC-8F2F-411959904AF0} = {62810BA4-DBF8-4418-A3E5-141A44A0F841}
		{37B7FE26-AA6B-4ABA-894A-9B0D20DFDD60} = {62810BA4-DBF8-4418-A3E5-141A44A0F841}
		{1B9EBFBB-1DB8-42C7-9B84-7009540352F9} = {4CA08A1F-4735-48B4-B4A8-A46F62ACDF6E}
		{5BED73DF-0291-4B11-AF7F-025CAD9954E9} = {4CA08A1F-4735-48B4-B4A8-A46F62ACDF6E}
		{E2538415-3286-439A-9778-634B44346A2F} = {1B9EBFBB-1DB8-42C7-9B84-7009540352F9}
		{DA9E318B-9C3A-49CD-8210-E0556C667B0D} = {1B9EBFBB-1DB8-42C7-9B84-7009540352F9}
		{49EF7DA5-7043-418A-B75D-9573E62C685F} = {5BED73DF-0291-4B11-AF7F-025CAD9954E9}
		{FCCB2857-2642-4B23-A986-F3C148E47663} = {5BED73DF-0291-4B11-AF7F-025CAD9954E9}
		{5CAEA247-6AFD-4708-9999-8465EF59527E} = {B3CA12B4-33BD-42F3-A233-D887340F575D}
	EndGlobalSection
	GlobalSection(ExtensibilityGlobals) = postSolution
		SolutionGuid = {6A74D620-544F-4609-9E2E-4FFCBA1BC706}
	EndGlobalSection
EndGlobal
